
Microsoft Visual Studio Solution File, Format Version 12.00
# Visual Studio Version 17
VisualStudioVersion = 17.3.32929.385
MinimumVisualStudioVersion = 10.0.40219.1
Project("{FAE04EC0-301F-11D3-BF4B-00C04F79EFBC}") = "LoginPassword", "LoginPassword\LoginPassword.csproj", "{ACB02F68-89F4-4F47-B5C4-295AD99D9355}"
EndProject
Global
	GlobalSection(SolutionConfigurationPlatforms) = preSolution
		Debug|Any CPU = Debug|Any CPU
		Release|Any CPU = Release|Any CPU
	EndGlobalSection
	GlobalSection(ProjectConfigurationPlatforms) = postSolution
		{ACB02F68-89F4-4F47-B5C4-295AD99D9355}.Debug|Any CPU.ActiveCfg = Debug|Any CPU
		{ACB02F68-89F4-4F47-B5C4-295AD99D9355}.Debug|Any CPU.Build.0 = Debug|Any CPU
		{ACB02F68-89F4-4F47-B5C4-295AD99D9355}.Release|Any CPU.ActiveCfg = Release|Any CPU
		{ACB02F68-89F4-4F47-B5C4-295AD99D9355}.Release|Any CPU.Build.0 = Release|Any CPU
	EndGlobalSection
	GlobalSection(SolutionProperties) = preSolution
		HideSolutionNode = FALSE
	EndGlobalSection
	GlobalSection(ExtensibilityGlobals) = postSolution
		SolutionGuid = {A4FA8504-BF87-4F9F-89A7-D4EED283B2DA}
	EndGlobalSection
EndGlobal
